
Microsoft Visual Studio Solution File, Format Version 12.00
# Visual Studio Version 16
VisualStudioVersion = 16.0.30907.101
MinimumVisualStudioVersion = 10.0.40219.1
Project("{FAE04EC0-301F-11D3-BF4B-00C04F79EFBC}") = "FoodSync.API", "FoodSync.API\FoodSync.API.csproj", "{D8AF1CBA-EF9D-48C6-A565-456B5EAD9EFE}"
EndProject
Project("{FAE04EC0-301F-11D3-BF4B-00C04F79EFBC}") = "FoodSync.BLL", "FoodSync.BLL\FoodSync.BLL.csproj", "{5AAEE43A-1C71-46B9-973D-00C801CFD62F}"
EndProject
Project("{FAE04EC0-301F-11D3-BF4B-00C04F79EFBC}") = "FoodSync.DAL", "FoodSync.DAL\FoodSync.DAL.csproj", "{8947D6B1-5EC8-4484-A6C3-9FDB5BEE7133}"
EndProject
Project("{FAE04EC0-301F-11D3-BF4B-00C04F79EFBC}") = "FoodSync.Utlities", "FoodSync.Utlities\FoodSync.Utlities.csproj", "{B3E639B1-FCAD-4C99-9860-A9405C3E3D80}"
EndProject
Global
	GlobalSection(SolutionConfigurationPlatforms) = preSolution
		Debug|Any CPU = Debug|Any CPU
		Release|Any CPU = Release|Any CPU
	EndGlobalSection
	GlobalSection(ProjectConfigurationPlatforms) = postSolution
		{D8AF1CBA-EF9D-48C6-A565-456B5EAD9EFE}.Debug|Any CPU.ActiveCfg = Debug|Any CPU
		{D8AF1CBA-EF9D-48C6-A565-456B5EAD9EFE}.Debug|Any CPU.Build.0 = Debug|Any CPU
		{D8AF1CBA-EF9D-48C6-A565-456B5EAD9EFE}.Release|Any CPU.ActiveCfg = Release|Any CPU
		{D8AF1CBA-EF9D-48C6-A565-456B5EAD9EFE}.Release|Any CPU.Build.0 = Release|Any CPU
		{5AAEE43A-1C71-46B9-973D-00C801CFD62F}.Debug|Any CPU.ActiveCfg = Debug|Any CPU
		{5AAEE43A-1C71-46B9-973D-00C801CFD62F}.Debug|Any CPU.Build.0 = Debug|Any CPU
		{5AAEE43A-1C71-46B9-973D-00C801CFD62F}.Release|Any CPU.ActiveCfg = Release|Any CPU
		{5AAEE43A-1C71-46B9-973D-00C801CFD62F}.Release|Any CPU.Build.0 = Release|Any CPU
		{8947D6B1-5EC8-4484-A6C3-9FDB5BEE7133}.Debug|Any CPU.ActiveCfg = Debug|Any CPU
		{8947D6B1-5EC8-4484-A6C3-9FDB5BEE7133}.Debug|Any CPU.Build.0 = Debug|Any CPU
		{8947D6B1-5EC8-4484-A6C3-9FDB5BEE7133}.Release|Any CPU.ActiveCfg = Release|Any CPU
		{8947D6B1-5EC8-4484-A6C3-9FDB5BEE7133}.Release|Any CPU.Build.0 = Release|Any CPU
		{B3E639B1-FCAD-4C99-9860-A9405C3E3D80}.Debug|Any CPU.ActiveCfg = Debug|Any CPU
		{B3E639B1-FCAD-4C99-9860-A9405C3E3D80}.Debug|Any CPU.Build.0 = Debug|Any CPU
		{B3E639B1-FCAD-4C99-9860-A9405C3E3D80}.Release|Any CPU.ActiveCfg = Release|Any CPU
		{B3E639B1-FCAD-4C99-9860-A9405C3E3D80}.Release|Any CPU.Build.0 = Release|Any CPU
	EndGlobalSection
	GlobalSection(SolutionProperties) = preSolution
		HideSolutionNode = FALSE
	EndGlobalSection
	GlobalSection(ExtensibilityGlobals) = postSolution
		SolutionGuid = {00EB8E70-4A6D-4422-809B-6534FC6D708E}
	EndGlobalSection
EndGlobal
